
Microsoft Visual Studio Solution File, Format Version 12.00
# Visual Studio Version 17
VisualStudioVersion = 17.0.31903.59
MinimumVisualStudioVersion = 10.0.40219.1
Project("{FAE04EC0-301F-11D3-BF4B-00C04F79EFBC}") = "Hotel_managment_system", "Hotel_managment_system.csproj", "{644DC93D-B8A5-4A7F-97C6-EADF9F831438}"
EndProject
Global
	GlobalSection(SolutionConfigurationPlatforms) = preSolution
		Debug|Any CPU = Debug|Any CPU
		Release|Any CPU = Release|Any CPU
	EndGlobalSection
	GlobalSection(ProjectConfigurationPlatforms) = postSolution
		{644DC93D-B8A5-4A7F-97C6-EADF9F831438}.Debug|Any CPU.ActiveCfg = Debug|Any CPU
		{644DC93D-B8A5-4A7F-97C6-EADF9F831438}.Debug|Any CPU.Build.0 = Debug|Any CPU
		{644DC93D-B8A5-4A7F-97C6-EADF9F831438}.Release|Any CPU.ActiveCfg = Release|Any CPU
		{644DC93D-B8A5-4A7F-97C6-EADF9F831438}.Release|Any CPU.Build.0 = Release|Any CPU
	EndGlobalSection
	GlobalSection(SolutionProperties) = preSolution
		HideSolutionNode = FALSE
	EndGlobalSection
	GlobalSection(ExtensibilityGlobals) = postSolution
		SolutionGuid = {A6E64F72-836E-4EDD-9062-6D4E1D96DF1E}
	EndGlobalSection
EndGlobal
