
Microsoft Visual Studio Solution File, Format Version 12.00
# Visual Studio Version 17
VisualStudioVersion = 17.0.31903.59
MinimumVisualStudioVersion = 10.0.40219.1
Project("{FAE04EC0-301F-11D3-BF4B-00C04F79EFBC}") = "LMS_system", "LMS_system.csproj", "{8DE88329-4947-4911-8E75-548429BB5244}"
EndProject
Global
	GlobalSection(SolutionConfigurationPlatforms) = preSolution
		Debug|Any CPU = Debug|Any CPU
		Release|Any CPU = Release|Any CPU
	EndGlobalSection
	GlobalSection(ProjectConfigurationPlatforms) = postSolution
		{8DE88329-4947-4911-8E75-548429BB5244}.Debug|Any CPU.ActiveCfg = Debug|Any CPU
		{8DE88329-4947-4911-8E75-548429BB5244}.Debug|Any CPU.Build.0 = Debug|Any CPU
		{8DE88329-4947-4911-8E75-548429BB5244}.Release|Any CPU.ActiveCfg = Release|Any CPU
		{8DE88329-4947-4911-8E75-548429BB5244}.Release|Any CPU.Build.0 = Release|Any CPU
	EndGlobalSection
	GlobalSection(SolutionProperties) = preSolution
		HideSolutionNode = FALSE
	EndGlobalSection
	GlobalSection(ExtensibilityGlobals) = postSolution
		SolutionGuid = {C8B64C73-197A-45FB-833F-8D05065ED686}
	EndGlobalSection
EndGlobal
