
Microsoft Visual Studio Solution File, Format Version 12.00
# Visual Studio Version 17
VisualStudioVersion = 17.0.32014.148
MinimumVisualStudioVersion = 10.0.40219.1
Project("{FAE04EC0-301F-11D3-BF4B-00C04F79EFBC}") = "banking_system", "banking_system.csproj", "{505CF5CA-28FF-473F-BCAD-730E91AF2C15}"
EndProject
Global
	GlobalSection(SolutionConfigurationPlatforms) = preSolution
		Debug|Any CPU = Debug|Any CPU
		Release|Any CPU = Release|Any CPU
	EndGlobalSection
	GlobalSection(ProjectConfigurationPlatforms) = postSolution
		{505CF5CA-28FF-473F-BCAD-730E91AF2C15}.Debug|Any CPU.ActiveCfg = Debug|Any CPU
		{505CF5CA-28FF-473F-BCAD-730E91AF2C15}.Debug|Any CPU.Build.0 = Debug|Any CPU
		{505CF5CA-28FF-473F-BCAD-730E91AF2C15}.Release|Any CPU.ActiveCfg = Release|Any CPU
		{505CF5CA-28FF-473F-BCAD-730E91AF2C15}.Release|Any CPU.Build.0 = Release|Any CPU
	EndGlobalSection
	GlobalSection(SolutionProperties) = preSolution
		HideSolutionNode = FALSE
	EndGlobalSection
	GlobalSection(ExtensibilityGlobals) = postSolution
		SolutionGuid = {847A3C58-500C-46A3-AFA5-A3BD84D243ED}
	EndGlobalSection
EndGlobal
