
Microsoft Visual Studio Solution File, Format Version 12.00
# Visual Studio Version 17
VisualStudioVersion = 17.0.31903.59
MinimumVisualStudioVersion = 10.0.40219.1
Project("{FAE04EC0-301F-11D3-BF4B-00C04F79EFBC}") = "lab_final", "lab_final.csproj", "{893F5F18-B7CC-41DE-9222-C879DD4DD716}"
EndProject
Global
	GlobalSection(SolutionConfigurationPlatforms) = preSolution
		Debug|Any CPU = Debug|Any CPU
		Release|Any CPU = Release|Any CPU
	EndGlobalSection
	GlobalSection(ProjectConfigurationPlatforms) = postSolution
		{893F5F18-B7CC-41DE-9222-C879DD4DD716}.Debug|Any CPU.ActiveCfg = Debug|Any CPU
		{893F5F18-B7CC-41DE-9222-C879DD4DD716}.Debug|Any CPU.Build.0 = Debug|Any CPU
		{893F5F18-B7CC-41DE-9222-C879DD4DD716}.Release|Any CPU.ActiveCfg = Release|Any CPU
		{893F5F18-B7CC-41DE-9222-C879DD4DD716}.Release|Any CPU.Build.0 = Release|Any CPU
	EndGlobalSection
	GlobalSection(SolutionProperties) = preSolution
		HideSolutionNode = FALSE
	EndGlobalSection
	GlobalSection(ExtensibilityGlobals) = postSolution
		SolutionGuid = {A9FAFCDC-A7AC-428D-8156-D55D200D9D56}
	EndGlobalSection
EndGlobal
